PODS:
  - OpenKuiklyIOSRender (2.26.0)
  - shared (1.0)

DEPENDENCIES:
  - OpenKuiklyIOSRender (= 2.26.0)
  - shared (from `../shared`)

SPEC REPOS:
  trunk:
    - OpenKuiklyIOSRender

EXTERNAL SOURCES:
  shared:
    :path: "../shared"

SPEC CHECKSUMS:
  OpenKuiklyIOSRender: e6046e79e87275c33b212117b2bee4316376bda2
  shared: af24680f757de7866ea924806c153fe1bffb82da

PODFILE CHECKSUM: 03cc2a25a2e71184282066665f644d41d0cb2812

COCOAPODS: 1.16.2
